
Microsoft Visual Studio Solution File, Format Version 12.00
# Visual Studio Version 17
VisualStudioVersion = 17.7.34024.191
MinimumVisualStudioVersion = 10.0.40219.1
Project("{FAE04EC0-301F-11D3-BF4B-00C04F79EFBC}") = "Checklist.App", "Checklist.App\Checklist.App.csproj", "{19E6D557-AC2B-46E3-95A6-B24F3EFC1E65}"
EndProject
Project("{FAE04EC0-301F-11D3-BF4B-00C04F79EFBC}") = "Checklist.Api", "Checklist.Api\Checklist.Api.csproj", "{A9E3F2EF-B125-402E-ACC7-516D062BD876}"
EndProject
Project("{FAE04EC0-301F-11D3-BF4B-00C04F79EFBC}") = "Checklist.Library", "Checklist.Library\Checklist.Library.csproj", "{34E3E5BE-7D0C-4AF4-8B2E-8AC82D0F8D54}"
EndProject
Global
	GlobalSection(SolutionConfigurationPlatforms) = preSolution
		Debug|Any CPU = Debug|Any CPU
		Release|Any CPU = Release|Any CPU
	EndGlobalSection
	GlobalSection(ProjectConfigurationPlatforms) = postSolution
		{19E6D557-AC2B-46E3-95A6-B24F3EFC1E65}.Debug|Any CPU.ActiveCfg = Debug|Any CPU
		{19E6D557-AC2B-46E3-95A6-B24F3EFC1E65}.Debug|Any CPU.Build.0 = Debug|Any CPU
		{19E6D557-AC2B-46E3-95A6-B24F3EFC1E65}.Release|Any CPU.ActiveCfg = Release|Any CPU
		{19E6D557-AC2B-46E3-95A6-B24F3EFC1E65}.Release|Any CPU.Build.0 = Release|Any CPU
		{A9E3F2EF-B125-402E-ACC7-516D062BD876}.Debug|Any CPU.ActiveCfg = Debug|Any CPU
		{A9E3F2EF-B125-402E-ACC7-516D062BD876}.Debug|Any CPU.Build.0 = Debug|Any CPU
		{A9E3F2EF-B125-402E-ACC7-516D062BD876}.Release|Any CPU.ActiveCfg = Release|Any CPU
		{A9E3F2EF-B125-402E-ACC7-516D062BD876}.Release|Any CPU.Build.0 = Release|Any CPU
		{34E3E5BE-7D0C-4AF4-8B2E-8AC82D0F8D54}.Debug|Any CPU.ActiveCfg = Debug|Any CPU
		{34E3E5BE-7D0C-4AF4-8B2E-8AC82D0F8D54}.Debug|Any CPU.Build.0 = Debug|Any CPU
		{34E3E5BE-7D0C-4AF4-8B2E-8AC82D0F8D54}.Release|Any CPU.ActiveCfg = Release|Any CPU
		{34E3E5BE-7D0C-4AF4-8B2E-8AC82D0F8D54}.Release|Any CPU.Build.0 = Release|Any CPU
	EndGlobalSection
	GlobalSection(SolutionProperties) = preSolution
		HideSolutionNode = FALSE
	EndGlobalSection
	GlobalSection(ExtensibilityGlobals) = postSolution
		SolutionGuid = {7DEF4115-26A6-412D-94AF-C87EA025DEE8}
	EndGlobalSection
EndGlobal
